// !$*UTF8*$!
{
	archiveVersion = 1;
	classes = {
	};
	objectVersion = 46;
	objects = {

/* Begin PBXBuildFile section */
		BE04B961156478B4003FD971 /* home-inactive@2x.png in Resources */ = {isa = PBXBuildFile; fileRef = BE04B95A156478B3003FD971 /* home-inactive@2x.png */; };
		BE04B962156478B4003FD971 /* home-active@2x.png in Resources */ = {isa = PBXBuildFile; fileRef = BE04B95B156478B3003FD971 /* home-active@2x.png */; };
		BE04B963156478B4003FD971 /* fb-logo-active@2x.png in Resources */ = {isa = PBXBuildFile; fileRef = BE04B95C156478B3003FD971 /* fb-logo-active@2x.png */; };
		BE04B964156478B4003FD971 /* fb-logo-inactive@2x.png in Resources */ = {isa = PBXBuildFile; fileRef = BE04B95D156478B3003FD971 /* fb-logo-inactive@2x.png */; };
		BE04B965156478B4003FD971 /* pco-logo-inactive@2x.png in Resources */ = {isa = PBXBuildFile; fileRef = BE04B95E156478B4003FD971 /* pco-logo-inactive@2x.png */; };
		BE04B966156478B4003FD971 /* tabbar-active-bg@2x.png in Resources */ = {isa = PBXBuildFile; fileRef = BE04B95F156478B4003FD971 /* tabbar-active-bg@2x.png */; };
		BE04B967156478B4003FD971 /* pco-logo-active@2x.png in Resources */ = {isa = PBXBuildFile; fileRef = BE04B960156478B4003FD971 /* pco-logo-active@2x.png */; };
		BE04B96E156479FD003FD971 /* connect-icon@2x.png in Resources */ = {isa = PBXBuildFile; fileRef = BE04B969156479FD003FD971 /* connect-icon@2x.png */; };
		BE04B96F156479FD003FD971 /* events-icon@2x.png in Resources */ = {isa = PBXBuildFile; fileRef = BE04B96A156479FD003FD971 /* events-icon@2x.png */; };
		BE04B970156479FD003FD971 /* news-icon@2x.png in Resources */ = {isa = PBXBuildFile; fileRef = BE04B96B156479FD003FD971 /* news-icon@2x.png */; };
		BE04B971156479FD003FD971 /* teachings-icon@2x.png in Resources */ = {isa = PBXBuildFile; fileRef = BE04B96C156479FD003FD971 /* teachings-icon@2x.png */; };
		BE04B972156479FD003FD971 /* whoweare-icon@2x.png in Resources */ = {isa = PBXBuildFile; fileRef = BE04B96D156479FD003FD971 /* whoweare-icon@2x.png */; };
		BE04B97415647C12003FD971 /* imago-logo@2x.png in Resources */ = {isa = PBXBuildFile; fileRef = BE04B97315647C12003FD971 /* imago-logo@2x.png */; };
		BE04B97615647D0E003FD971 /* background@2x.png in Resources */ = {isa = PBXBuildFile; fileRef = BE04B97515647D0E003FD971 /* background@2x.png */; };
		BE074DF41583F276003E4881 /* ImagoDeiTextEntryViewController.m in Sources */ = {isa = PBXBuildFile; fileRef = BE074DF31583F276003E4881 /* ImagoDeiTextEntryViewController.m */; };
		BE1C3FB4154B7F7100775B14 /* AVFoundation.framework in Frameworks */ = {isa = PBXBuildFile; fileRef = BE1C3FB3154B7F7100775B14 /* AVFoundation.framework */; };
		BE1C3FBD154B9C6000775B14 /* CoreMedia.framework in Frameworks */ = {isa = PBXBuildFile; fileRef = BE1C3FBC154B9C6000775B14 /* CoreMedia.framework */; };
		BE1C3FBF154BA71400775B14 /* MediaPlayer.framework in Frameworks */ = {isa = PBXBuildFile; fileRef = BE1C3FBE154BA71400775B14 /* MediaPlayer.framework */; };
		BE2F9B08156C9D54008C434A /* WebViewController.m in Sources */ = {isa = PBXBuildFile; fileRef = BE2F9B07156C9D54008C434A /* WebViewController.m */; };
		BE2F9B18156CA0AF008C434A /* MyApplication.m in Sources */ = {isa = PBXBuildFile; fileRef = BE2F9B16156CA0AF008C434A /* MyApplication.m */; };
		BE4996F115845EBF005A5BDF /* FacebookButton@2x.png in Resources */ = {isa = PBXBuildFile; fileRef = BE4996F015845EBF005A5BDF /* FacebookButton@2x.png */; };
		BE4E2900159803190000F0F2 /* libUAirship-1.2.2.a in Frameworks */ = {isa = PBXBuildFile; fileRef = BE4E28FF159803190000F0F2 /* libUAirship-1.2.2.a */; };
		BE54BC141560A12200F85DD9 /* arrow.png in Resources */ = {isa = PBXBuildFile; fileRef = BE54BC131560A12200F85DD9 /* arrow.png */; };
		BE54BC191560A18500F85DD9 /* QuartzCore.framework in Frameworks */ = {isa = PBXBuildFile; fileRef = BE54BC181560A18500F85DD9 /* QuartzCore.framework */; };
		BE54BC231560A4B500F85DD9 /* PullRefreshTableViewController.m in Sources */ = {isa = PBXBuildFile; fileRef = BE54BC221560A4B500F85DD9 /* PullRefreshTableViewController.m */; };
		BE56D5AB157AA7CE0027A519 /* btn_decline.png in Resources */ = {isa = PBXBuildFile; fileRef = BE56D5A9157AA7CE0027A519 /* btn_decline.png */; };
		BE56D5AC157AA7CE0027A519 /* btn_accept.png in Resources */ = {isa = PBXBuildFile; fileRef = BE56D5AA157AA7CE0027A519 /* btn_accept.png */; };
		BE56D5B4157AB68C0027A519 /* SenTestingKit.framework in Frameworks */ = {isa = PBXBuildFile; fileRef = BE56D5B3157AB68C0027A519 /* SenTestingKit.framework */; };
		BE56D5B5157AB68C0027A519 /* UIKit.framework in Frameworks */ = {isa = PBXBuildFile; fileRef = BEDF1E5A154791C4009FCA21 /* UIKit.framework */; };
		BE56D5B6157AB68C0027A519 /* Foundation.framework in Frameworks */ = {isa = PBXBuildFile; fileRef = BEDF1E5C154791C4009FCA21 /* Foundation.framework */; };
		BE56D5BC157AB68C0027A519 /* InfoPlist.strings in Resources */ = {isa = PBXBuildFile; fileRef = BE56D5BA157AB68C0027A519 /* InfoPlist.strings */; };
		BE56D5BF157AB68C0027A519 /* ImagoDeiLogicTests.m in Sources */ = {isa = PBXBuildFile; fileRef = BE56D5BE157AB68C0027A519 /* ImagoDeiLogicTests.m */; };
		BE56D5C9157AE15D0027A519 /* future_plans.xml in Resources */ = {isa = PBXBuildFile; fileRef = BE56D5C8157AE15D0027A519 /* future_plans.xml */; };
		BE56D5D7157B12790027A519 /* greenButton.png in Resources */ = {isa = PBXBuildFile; fileRef = BE56D5CB157B12790027A519 /* greenButton.png */; };
		BE56D5D8157B12790027A519 /* greenButtonActivated.png in Resources */ = {isa = PBXBuildFile; fileRef = BE56D5CC157B12790027A519 /* greenButtonActivated.png */; };
		BE56D5D9157B12790027A519 /* redButton.png in Resources */ = {isa = PBXBuildFile; fileRef = BE56D5CD157B12790027A519 /* redButton.png */; };
		BE56D5DA157B12790027A519 /* redButtonActivated.png in Resources */ = {isa = PBXBuildFile; fileRef = BE56D5CE157B12790027A519 /* redButtonActivated.png */; };
		BE56D5DB157B12790027A519 /* yellowButton.png in Resources */ = {isa = PBXBuildFile; fileRef = BE56D5CF157B12790027A519 /* yellowButton.png */; };
		BE56D5DC157B12790027A519 /* yellowButtonActivated.png in Resources */ = {isa = PBXBuildFile; fileRef = BE56D5D0157B12790027A519 /* yellowButtonActivated.png */; };
		BE56D5DD157B12790027A519 /* yellowButtonActivated@2x.png in Resources */ = {isa = PBXBuildFile; fileRef = BE56D5D1157B12790027A519 /* yellowButtonActivated@2x.png */; };
		BE56D5DE157B12790027A519 /* yellowButton@2x.png in Resources */ = {isa = PBXBuildFile; fileRef = BE56D5D2157B12790027A519 /* yellowButton@2x.png */; };
		BE56D5DF157B12790027A519 /* redButtonActivated@2x.png in Resources */ = {isa = PBXBuildFile; fileRef = BE56D5D3157B12790027A519 /* redButtonActivated@2x.png */; };
		BE56D5E0157B12790027A519 /* redButton@2x.png in Resources */ = {isa = PBXBuildFile; fileRef = BE56D5D4157B12790027A519 /* redButton@2x.png */; };
		BE56D5E1157B12790027A519 /* greenButtonActivated@2x.png in Resources */ = {isa = PBXBuildFile; fileRef = BE56D5D5157B12790027A519 /* greenButtonActivated@2x.png */; };
		BE56D5E2157B12790027A519 /* greenButton@2x.png in Resources */ = {isa = PBXBuildFile; fileRef = BE56D5D6157B12790027A519 /* greenButton@2x.png */; };
		BE56D5E4157B270D0027A519 /* arrow-sideways.png in Resources */ = {isa = PBXBuildFile; fileRef = BE56D5E3157B270D0027A519 /* arrow-sideways.png */; };
		BE61166A1596DA9200768DD7 /* AirshipConfig.plist in Resources */ = {isa = PBXBuildFile; fileRef = BE6116691596DA9200768DD7 /* AirshipConfig.plist */; };
		BE61166C1596DAF600768DD7 /* CFNetwork.framework in Frameworks */ = {isa = PBXBuildFile; fileRef = BE61166B1596DAF600768DD7 /* CFNetwork.framework */; };
		BE61166E1596DB0600768DD7 /* MobileCoreServices.framework in Frameworks */ = {isa = PBXBuildFile; fileRef = BE61166D1596DB0600768DD7 /* MobileCoreServices.framework */; };
		BE6116701596DB1E00768DD7 /* libz.dylib in Frameworks */ = {isa = PBXBuildFile; fileRef = BE61166F1596DB1E00768DD7 /* libz.dylib */; };
		BE6116721596DB2900768DD7 /* libsqlite3.dylib in Frameworks */ = {isa = PBXBuildFile; fileRef = BE6116711596DB2900768DD7 /* libsqlite3.dylib */; };
		BE6116741596DB3700768DD7 /* CoreTelephony.framework in Frameworks */ = {isa = PBXBuildFile; fileRef = BE6116731596DB3700768DD7 /* CoreTelephony.framework */; };
		BE6116761596DB4000768DD7 /* StoreKit.framework in Frameworks */ = {isa = PBXBuildFile; fileRef = BE6116751596DB4000768DD7 /* StoreKit.framework */; };
		BE6116781596DB4B00768DD7 /* CoreLocation.framework in Frameworks */ = {isa = PBXBuildFile; fileRef = BE6116771596DB4B00768DD7 /* CoreLocation.framework */; };
		BE892259156E04D8004E79DF /* Security.framework in Frameworks */ = {isa = PBXBuildFile; fileRef = BE892258156E04D8004E79DF /* Security.framework */; };
		BE89225B156E04E0004E79DF /* SystemConfiguration.framework in Frameworks */ = {isa = PBXBuildFile; fileRef = BE89225A156E04E0004E79DF /* SystemConfiguration.framework */; };
		BE9056AC15604D4300D79563 /* news-icon.png in Resources */ = {isa = PBXBuildFile; fileRef = BE9056AB15604D4300D79563 /* news-icon.png */; };
		BE9F747415AD14C30013D3D9 /* README.md in Resources */ = {isa = PBXBuildFile; fileRef = BE9F747315AD14C30013D3D9 /* README.md */; };
		BEB2928C15698EA2008086A3 /* FacebookSocialMediaViewController.m in Sources */ = {isa = PBXBuildFile; fileRef = BEB2928A15698EA2008086A3 /* FacebookSocialMediaViewController.m */; };
		BED0A5AA1548DAC4007094A5 /* MainTabiPhone.rss in Resources */ = {isa = PBXBuildFile; fileRef = BED0A5A91548DAC4007094A5 /* MainTabiPhone.rss */; };
		BED1D7D81564498200FB8E5B /* tabbar-bg@2x.png in Resources */ = {isa = PBXBuildFile; fileRef = BED1D7D71564498200FB8E5B /* tabbar-bg@2x.png */; };
		BED1D7DA1564498D00FB8E5B /* tabbar-bg.png in Resources */ = {isa = PBXBuildFile; fileRef = BED1D7D91564498D00FB8E5B /* tabbar-bg.png */; };
		BED23D10155A0C8B00DB2D00 /* CoreImage.framework in Frameworks */ = {isa = PBXBuildFile; fileRef = BED23D0F155A0C8B00DB2D00 /* CoreImage.framework */; };
		BED23D2B155A13BD00DB2D00 /* events-icon.png in Resources */ = {isa = PBXBuildFile; fileRef = BED23D26155A13BD00DB2D00 /* events-icon.png */; };
		BED23D2C155A13BD00DB2D00 /* teachings-icon.png in Resources */ = {isa = PBXBuildFile; fileRef = BED23D27155A13BD00DB2D00 /* teachings-icon.png */; };
		BED23D2D155A13BD00DB2D00 /* whoweare-icon.png in Resources */ = {isa = PBXBuildFile; fileRef = BED23D28155A13BD00DB2D00 /* whoweare-icon.png */; };
		BED23D2E155A13BD00DB2D00 /* connect-icon.png in Resources */ = {isa = PBXBuildFile; fileRef = BED23D29155A13BD00DB2D00 /* connect-icon.png */; };
		BED65F4D157180E600C55083 /* XMLReader.m in Sources */ = {isa = PBXBuildFile; fileRef = BED65F4C157180E600C55083 /* XMLReader.m */; };
		BED787F21559EF78003CDEA1 /* home-inactive.png in Resources */ = {isa = PBXBuildFile; fileRef = BED787E21559EF78003CDEA1 /* home-inactive.png */; };
		BED787F31559EF78003CDEA1 /* home-active.png in Resources */ = {isa = PBXBuildFile; fileRef = BED787E31559EF78003CDEA1 /* home-active.png */; };
		BED787F41559EF78003CDEA1 /* fb-logo-active.png in Resources */ = {isa = PBXBuildFile; fileRef = BED787E41559EF78003CDEA1 /* fb-logo-active.png */; };
		BED787F51559EF78003CDEA1 /* fb-logo-inactive.png in Resources */ = {isa = PBXBuildFile; fileRef = BED787E51559EF78003CDEA1 /* fb-logo-inactive.png */; };
		BED787F61559EF78003CDEA1 /* pco-logo-inactive.png in Resources */ = {isa = PBXBuildFile; fileRef = BED787E61559EF78003CDEA1 /* pco-logo-inactive.png */; };
		BED787F71559EF78003CDEA1 /* tabbar-active-bg.png in Resources */ = {isa = PBXBuildFile; fileRef = BED787E71559EF78003CDEA1 /* tabbar-active-bg.png */; };
		BED787F81559EF78003CDEA1 /* pco-logo-active.png in Resources */ = {isa = PBXBuildFile; fileRef = BED787E81559EF78003CDEA1 /* pco-logo-active.png */; };
		BED787FA1559EF78003CDEA1 /* background.png in Resources */ = {isa = PBXBuildFile; fileRef = BED787EA1559EF78003CDEA1 /* background.png */; };
		BED788001559EF78003CDEA1 /* imago-logo.png in Resources */ = {isa = PBXBuildFile; fileRef = BED787F01559EF78003CDEA1 /* imago-logo.png */; };
		BED7880E1559EF9B003CDEA1 /* Icon-Small-50.png in Resources */ = {isa = PBXBuildFile; fileRef = BED788041559EF9B003CDEA1 /* Icon-Small-50.png */; };
		BED7880F1559EF9B003CDEA1 /* Icon-Small-50@2x.png in Resources */ = {isa = PBXBuildFile; fileRef = BED788051559EF9B003CDEA1 /* Icon-Small-50@2x.png */; };
		BED788101559EF9B003CDEA1 /* Icon-Small.png in Resources */ = {isa = PBXBuildFile; fileRef = BED788061559EF9B003CDEA1 /* Icon-Small.png */; };
		BED788111559EF9B003CDEA1 /* Icon-Small@2x.png in Resources */ = {isa = PBXBuildFile; fileRef = BED788071559EF9B003CDEA1 /* Icon-Small@2x.png */; };
		BED788131559EF9B003CDEA1 /* iTunesArtwork in Resources */ = {isa = PBXBuildFile; fileRef = BED788091559EF9B003CDEA1 /* iTunesArtwork */; };
		BED788151559EF9B003CDEA1 /* iTunesArtwork@2x in Resources */ = {isa = PBXBuildFile; fileRef = BED7880B1559EF9B003CDEA1 /* iTunesArtwork@2x */; };
		BED788171559EFD3003CDEA1 /* Icon@2x.png in Resources */ = {isa = PBXBuildFile; fileRef = BED788161559EFD3003CDEA1 /* Icon@2x.png */; };
		BED788191559EFEB003CDEA1 /* Icon.png in Resources */ = {isa = PBXBuildFile; fileRef = BED788181559EFEB003CDEA1 /* Icon.png */; };
		BED7881B1559F008003CDEA1 /* Icon-72@2x.png in Resources */ = {isa = PBXBuildFile; fileRef = BED7881A1559F007003CDEA1 /* Icon-72@2x.png */; };
		BED7881D1559F00C003CDEA1 /* Icon-72.png in Resources */ = {isa = PBXBuildFile; fileRef = BED7881C1559F00C003CDEA1 /* Icon-72.png */; };
		BED87DE41562D6BD00141114 /* ImagoDeiStandardTableViewController.m in Sources */ = {isa = PBXBuildFile; fileRef = BED87DE31562D6BD00141114 /* ImagoDeiStandardTableViewController.m */; };
		BEDAF47B157C6D0400606339 /* future_plans2.xml in Resources */ = {isa = PBXBuildFile; fileRef = BEDAF47A157C6D0400606339 /* future_plans2.xml */; };
		BEDF1E5B154791C4009FCA21 /* UIKit.framework in Frameworks */ = {isa = PBXBuildFile; fileRef = BEDF1E5A154791C4009FCA21 /* UIKit.framework */; };
		BEDF1E5D154791C4009FCA21 /* Foundation.framework in Frameworks */ = {isa = PBXBuildFile; fileRef = BEDF1E5C154791C4009FCA21 /* Foundation.framework */; };
		BEDF1E5F154791C4009FCA21 /* CoreGraphics.framework in Frameworks */ = {isa = PBXBuildFile; fileRef = BEDF1E5E154791C4009FCA21 /* CoreGraphics.framework */; };
		BEDF1E65154791C4009FCA21 /* InfoPlist.strings in Resources */ = {isa = PBXBuildFile; fileRef = BEDF1E63154791C4009FCA21 /* InfoPlist.strings */; };
		BEDF1E8715479537009FCA21 /* f_logo.png in Resources */ = {isa = PBXBuildFile; fileRef = BEDF1E7D15479537009FCA21 /* f_logo.png */; };
		BEDF1E981547955C009FCA21 /* ImageViewController.m in Sources */ = {isa = PBXBuildFile; fileRef = BEDF1E961547955C009FCA21 /* ImageViewController.m */; };
		BEDF1E9C15479598009FCA21 /* ImagoDeiAppDelegate.m in Sources */ = {isa = PBXBuildFile; fileRef = BEDF1E9B15479598009FCA21 /* ImagoDeiAppDelegate.m */; };
		BEDF1E9F154795BD009FCA21 /* ImagoDeiDataFetcher.m in Sources */ = {isa = PBXBuildFile; fileRef = BEDF1E9E154795BD009FCA21 /* ImagoDeiDataFetcher.m */; };
		BEDF1EA3154795CE009FCA21 /* JSONImagoDei.txt in Resources */ = {isa = PBXBuildFile; fileRef = BEDF1EA1154795CE009FCA21 /* JSONImagoDei.txt */; };
		BEDF1EAF154795FB009FCA21 /* main.m in Sources */ = {isa = PBXBuildFile; fileRef = BEDF1EAB154795FB009FCA21 /* main.m */; };
		BEDF1EB0154795FB009FCA21 /* MainPageViewController.m in Sources */ = {isa = PBXBuildFile; fileRef = BEDF1EAD154795FB009FCA21 /* MainPageViewController.m */; };
		BEDF1EC91547961C009FCA21 /* SocialMediaDetailViewController.m in Sources */ = {isa = PBXBuildFile; fileRef = BEDF1EBC1547961C009FCA21 /* SocialMediaDetailViewController.m */; };
		BEDF1ED51547963F009FCA21 /* Twitter.framework in Frameworks */ = {isa = PBXBuildFile; fileRef = BEDF1ED41547963F009FCA21 /* Twitter.framework */; };
		BEE22936155E175D00504B5D /* iPhone_Storyboard.storyboard in Resources */ = {isa = PBXBuildFile; fileRef = BEE22935155E175D00504B5D /* iPhone_Storyboard.storyboard */; };
		BEE2293A155E2C6A00504B5D /* PlanningCenterViewController.m in Sources */ = {isa = PBXBuildFile; fileRef = BEE22939155E2C6A00504B5D /* PlanningCenterViewController.m */; };
		BEE79317156FE54000F2EC23 /* GTMOAuthAuthentication.m in Sources */ = {isa = PBXBuildFile; fileRef = BEE79314156FE54000F2EC23 /* GTMOAuthAuthentication.m */; settings = {COMPILER_FLAGS = "-fno-objc-arc"; }; };
		BEE79318156FE54000F2EC23 /* GTMOAuthSignIn.m in Sources */ = {isa = PBXBuildFile; fileRef = BEE79316156FE54000F2EC23 /* GTMOAuthSignIn.m */; settings = {COMPILER_FLAGS = "-fno-objc-arc"; }; };
		BEE7931C156FE55000F2EC23 /* GTMOAuthViewControllerTouch.m in Sources */ = {isa = PBXBuildFile; fileRef = BEE7931A156FE55000F2EC23 /* GTMOAuthViewControllerTouch.m */; settings = {COMPILER_FLAGS = "-fno-objc-arc"; }; };
		BEE7931D156FE55000F2EC23 /* GTMOAuthViewTouch.xib in Resources */ = {isa = PBXBuildFile; fileRef = BEE7931B156FE55000F2EC23 /* GTMOAuthViewTouch.xib */; };
		BEE79320156FE57E00F2EC23 /* GTMHTTPFetcher.m in Sources */ = {isa = PBXBuildFile; fileRef = BEE7931F156FE57E00F2EC23 /* GTMHTTPFetcher.m */; settings = {COMPILER_FLAGS = "-fno-objc-arc"; }; };
		BEED317615743503008F63AE /* libfacebook_ios_sdk.a in Frameworks */ = {isa = PBXBuildFile; fileRef = BEED317215743503008F63AE /* libfacebook_ios_sdk.a */; };
		BEED317F15743529008F63AE /* FBDialog.bundle in Resources */ = {isa = PBXBuildFile; fileRef = BEED317E15743529008F63AE /* FBDialog.bundle */; };
		BEF4A439154DCA080015E00D /* ImagoDeiMediaController.m in Sources */ = {isa = PBXBuildFile; fileRef = BEF4A437154DCA080015E00D /* ImagoDeiMediaController.m */; };
		BEF4A43A154DCA080015E00D /* ImagoDeiMediaController.xib in Resources */ = {isa = PBXBuildFile; fileRef = BEF4A438154DCA080015E00D /* ImagoDeiMediaController.xib */; };
/* End PBXBuildFile section */

/* Begin PBXFileReference section */
		BE04B95A156478B3003FD971 /* home-inactive@2x.png */ = {isa = PBXFileReference; lastKnownFileType = image.png; path = "home-inactive@2x.png"; sourceTree = "<group>"; };
		BE04B95B156478B3003FD971 /* home-active@2x.png */ = {isa = PBXFileReference; lastKnownFileType = image.png; path = "home-active@2x.png"; sourceTree = "<group>"; };
		BE04B95C156478B3003FD971 /* fb-logo-active@2x.png */ = {isa = PBXFileReference; lastKnownFileType = image.png; path = "fb-logo-active@2x.png"; sourceTree = "<group>"; };
		BE04B95D156478B3003FD971 /* fb-logo-inactive@2x.png */ = {isa = PBXFileReference; lastKnownFileType = image.png; path = "fb-logo-inactive@2x.png"; sourceTree = "<group>"; };
		BE04B95E156478B4003FD971 /* pco-logo-inactive@2x.png */ = {isa = PBXFileReference; lastKnownFileType = image.png; path = "pco-logo-inactive@2x.png"; sourceTree = "<group>"; };
		BE04B95F156478B4003FD971 /* tabbar-active-bg@2x.png */ = {isa = PBXFileReference; lastKnownFileType = image.png; path = "tabbar-active-bg@2x.png"; sourceTree = "<group>"; };
		BE04B960156478B4003FD971 /* pco-logo-active@2x.png */ = {isa = PBXFileReference; lastKnownFileType = image.png; path = "pco-logo-active@2x.png"; sourceTree = "<group>"; };
		BE04B969156479FD003FD971 /* connect-icon@2x.png */ = {isa = PBXFileReference; lastKnownFileType = image.png; path = "connect-icon@2x.png"; sourceTree = "<group>"; };
		BE04B96A156479FD003FD971 /* events-icon@2x.png */ = {isa = PBXFileReference; lastKnownFileType = image.png; path = "events-icon@2x.png"; sourceTree = "<group>"; };
		BE04B96B156479FD003FD971 /* news-icon@2x.png */ = {isa = PBXFileReference; lastKnownFileType = image.png; path = "news-icon@2x.png"; sourceTree = "<group>"; };
		BE04B96C156479FD003FD971 /* teachings-icon@2x.png */ = {isa = PBXFileReference; lastKnownFileType = image.png; path = "teachings-icon@2x.png"; sourceTree = "<group>"; };
		BE04B96D156479FD003FD971 /* whoweare-icon@2x.png */ = {isa = PBXFileReference; lastKnownFileType = image.png; path = "whoweare-icon@2x.png"; sourceTree = "<group>"; };
		BE04B97315647C12003FD971 /* imago-logo@2x.png */ = {isa = PBXFileReference; lastKnownFileType = image.png; path = "imago-logo@2x.png"; sourceTree = "<group>"; };
		BE04B97515647D0E003FD971 /* background@2x.png */ = {isa = PBXFileReference; lastKnownFileType = image.png; path = "background@2x.png"; sourceTree = "<group>"; };
		BE074DF21583F276003E4881 /* ImagoDeiTextEntryViewController.h */ = {isa = PBXFileReference; fileEncoding = 4; lastKnownFileType = sourcecode.c.h; path = ImagoDeiTextEntryViewController.h; sourceTree = "<group>"; };
		BE074DF31583F276003E4881 /* ImagoDeiTextEntryViewController.m */ = {isa = PBXFileReference; fileEncoding = 4; lastKnownFileType = sourcecode.c.objc; path = ImagoDeiTextEntryViewController.m; sourceTree = "<group>"; };
		BE1C3FB3154B7F7100775B14 /* AVFoundation.framework */ = {isa = PBXFileReference; lastKnownFileType = wrapper.framework; name = AVFoundation.framework; path = System/Library/Frameworks/AVFoundation.framework; sourceTree = SDKROOT; };
		BE1C3FBC154B9C6000775B14 /* CoreMedia.framework */ = {isa = PBXFileReference; lastKnownFileType = wrapper.framework; name = CoreMedia.framework; path = System/Library/Frameworks/CoreMedia.framework; sourceTree = SDKROOT; };
		BE1C3FBE154BA71400775B14 /* MediaPlayer.framework */ = {isa = PBXFileReference; lastKnownFileType = wrapper.framework; name = MediaPlayer.framework; path = System/Library/Frameworks/MediaPlayer.framework; sourceTree = SDKROOT; };
		BE2F9B07156C9D54008C434A /* WebViewController.m */ = {isa = PBXFileReference; fileEncoding = 4; lastKnownFileType = sourcecode.c.objc; path = WebViewController.m; sourceTree = "<group>"; };
		BE2F9B09156C9D5D008C434A /* WebViewController.h */ = {isa = PBXFileReference; fileEncoding = 4; lastKnownFileType = sourcecode.c.h; path = WebViewController.h; sourceTree = "<group>"; };
		BE2F9B16156CA0AF008C434A /* MyApplication.m */ = {isa = PBXFileReference; fileEncoding = 4; lastKnownFileType = sourcecode.c.objc; path = MyApplication.m; sourceTree = "<group>"; };
		BE2F9B17156CA0AF008C434A /* MyApplication.h */ = {isa = PBXFileReference; fileEncoding = 4; lastKnownFileType = sourcecode.c.h; path = MyApplication.h; sourceTree = "<group>"; };
		BE4996F015845EBF005A5BDF /* FacebookButton@2x.png */ = {isa = PBXFileReference; lastKnownFileType = image.png; path = "FacebookButton@2x.png"; sourceTree = "<group>"; };
		BE4E28FF159803190000F0F2 /* libUAirship-1.2.2.a */ = {isa = PBXFileReference; lastKnownFileType = archive.ar; name = "libUAirship-1.2.2.a"; path = "../../Airship/libUAirship-1.2.2.a"; sourceTree = "<group>"; };
		BE53E32C15B26A4600F6705F /* ImagoDei.gpx */ = {isa = PBXFileReference; lastKnownFileType = text.xml; path = ImagoDei.gpx; sourceTree = "<group>"; };
		BE54BC131560A12200F85DD9 /* arrow.png */ = {isa = PBXFileReference; lastKnownFileType = image.png; path = arrow.png; sourceTree = "<group>"; };
		BE54BC181560A18500F85DD9 /* QuartzCore.framework */ = {isa = PBXFileReference; lastKnownFileType = wrapper.framework; name = QuartzCore.framework; path = System/Library/Frameworks/QuartzCore.framework; sourceTree = SDKROOT; };
		BE54BC211560A4B400F85DD9 /* PullRefreshTableViewController.h */ = {isa = PBXFileReference; fileEncoding = 4; lastKnownFileType = sourcecode.c.h; path = PullRefreshTableViewController.h; sourceTree = "<group>"; };
		BE54BC221560A4B500F85DD9 /* PullRefreshTableViewController.m */ = {isa = PBXFileReference; fileEncoding = 4; lastKnownFileType = sourcecode.c.objc; path = PullRefreshTableViewController.m; sourceTree = "<group>"; };
		BE56D5A9157AA7CE0027A519 /* btn_decline.png */ = {isa = PBXFileReference; lastKnownFileType = image.png; path = btn_decline.png; sourceTree = "<group>"; };
		BE56D5AA157AA7CE0027A519 /* btn_accept.png */ = {isa = PBXFileReference; lastKnownFileType = image.png; path = btn_accept.png; sourceTree = "<group>"; };
		BE56D5B2157AB68C0027A519 /* ImagoDeiLogicTests.octest */ = {isa = PBXFileReference; explicitFileType = wrapper.cfbundle; includeInIndex = 0; path = ImagoDeiLogicTests.octest; sourceTree = BUILT_PRODUCTS_DIR; };
		BE56D5B3157AB68C0027A519 /* SenTestingKit.framework */ = {isa = PBXFileReference; lastKnownFileType = wrapper.framework; name = SenTestingKit.framework; path = Library/Frameworks/SenTestingKit.framework; sourceTree = DEVELOPER_DIR; };
		BE56D5B9157AB68C0027A519 /* ImagoDeiLogicTests-Info.plist */ = {isa = PBXFileReference; lastKnownFileType = text.plist.xml; path = "ImagoDeiLogicTests-Info.plist"; sourceTree = "<group>"; };
		BE56D5BB157AB68C0027A519 /* en */ = {isa = PBXFileReference; lastKnownFileType = text.plist.strings; name = en; path = en.lproj/InfoPlist.strings; sourceTree = "<group>"; };
		BE56D5BD157AB68C0027A519 /* ImagoDeiLogicTests.h */ = {isa = PBXFileReference; lastKnownFileType = sourcecode.c.h; path = ImagoDeiLogicTests.h; sourceTree = "<group>"; };
		BE56D5BE157AB68C0027A519 /* ImagoDeiLogicTests.m */ = {isa = PBXFileReference; lastKnownFileType = sourcecode.c.objc; path = ImagoDeiLogicTests.m; sourceTree = "<group>"; };
		BE56D5C0157AB68C0027A519 /* ImagoDeiLogicTests-Prefix.pch */ = {isa = PBXFileReference; lastKnownFileType = sourcecode.c.h; path = "ImagoDeiLogicTests-Prefix.pch"; sourceTree = "<group>"; };
		BE56D5C8157AE15D0027A519 /* future_plans.xml */ = {isa = PBXFileReference; fileEncoding = 4; lastKnownFileType = text.xml; path = future_plans.xml; sourceTree = "<group>"; };
		BE56D5CB157B12790027A519 /* greenButton.png */ = {isa = PBXFileReference; lastKnownFileType = image.png; path = greenButton.png; sourceTree = "<group>"; };
		BE56D5CC157B12790027A519 /* greenButtonActivated.png */ = {isa = PBXFileReference; lastKnownFileType = image.png; path = greenButtonActivated.png; sourceTree = "<group>"; };
		BE56D5CD157B12790027A519 /* redButton.png */ = {isa = PBXFileReference; lastKnownFileType = image.png; path = redButton.png; sourceTree = "<group>"; };
		BE56D5CE157B12790027A519 /* redButtonActivated.png */ = {isa = PBXFileReference; lastKnownFileType = image.png; path = redButtonActivated.png; sourceTree = "<group>"; };
		BE56D5CF157B12790027A519 /* yellowButton.png */ = {isa = PBXFileReference; lastKnownFileType = image.png; path = yellowButton.png; sourceTree = "<group>"; };
		BE56D5D0157B12790027A519 /* yellowButtonActivated.png */ = {isa = PBXFileReference; lastKnownFileType = image.png; path = yellowButtonActivated.png; sourceTree = "<group>"; };
		BE56D5D1157B12790027A519 /* yellowButtonActivated@2x.png */ = {isa = PBXFileReference; lastKnownFileType = image.png; path = "yellowButtonActivated@2x.png"; sourceTree = "<group>"; };
		BE56D5D2157B12790027A519 /* yellowButton@2x.png */ = {isa = PBXFileReference; lastKnownFileType = image.png; path = "yellowButton@2x.png"; sourceTree = "<group>"; };
		BE56D5D3157B12790027A519 /* redButtonActivated@2x.png */ = {isa = PBXFileReference; lastKnownFileType = image.png; path = "redButtonActivated@2x.png"; sourceTree = "<group>"; };
		BE56D5D4157B12790027A519 /* redButton@2x.png */ = {isa = PBXFileReference; lastKnownFileType = image.png; path = "redButton@2x.png"; sourceTree = "<group>"; };
		BE56D5D5157B12790027A519 /* greenButtonActivated@2x.png */ = {isa = PBXFileReference; lastKnownFileType = image.png; path = "greenButtonActivated@2x.png"; sourceTree = "<group>"; };
		BE56D5D6157B12790027A519 /* greenButton@2x.png */ = {isa = PBXFileReference; lastKnownFileType = image.png; path = "greenButton@2x.png"; sourceTree = "<group>"; };
		BE56D5E3157B270D0027A519 /* arrow-sideways.png */ = {isa = PBXFileReference; lastKnownFileType = image.png; path = "arrow-sideways.png"; sourceTree = "<group>"; };
		BE6116691596DA9200768DD7 /* AirshipConfig.plist */ = {isa = PBXFileReference; fileEncoding = 4; lastKnownFileType = text.plist; path = AirshipConfig.plist; sourceTree = "<group>"; };
		BE61166B1596DAF600768DD7 /* CFNetwork.framework */ = {isa = PBXFileReference; lastKnownFileType = wrapper.framework; name = CFNetwork.framework; path = System/Library/Frameworks/CFNetwork.framework; sourceTree = SDKROOT; };
		BE61166D1596DB0600768DD7 /* MobileCoreServices.framework */ = {isa = PBXFileReference; lastKnownFileType = wrapper.framework; name = MobileCoreServices.framework; path = System/Library/Frameworks/MobileCoreServices.framework; sourceTree = SDKROOT; };
		BE61166F1596DB1E00768DD7 /* libz.dylib */ = {isa = PBXFileReference; lastKnownFileType = "compiled.mach-o.dylib"; name = libz.dylib; path = usr/lib/libz.dylib; sourceTree = SDKROOT; };
		BE6116711596DB2900768DD7 /* libsqlite3.dylib */ = {isa = PBXFileReference; lastKnownFileType = "compiled.mach-o.dylib"; name = libsqlite3.dylib; path = usr/lib/libsqlite3.dylib; sourceTree = SDKROOT; };
		BE6116731596DB3700768DD7 /* CoreTelephony.framework */ = {isa = PBXFileReference; lastKnownFileType = wrapper.framework; name = CoreTelephony.framework; path = System/Library/Frameworks/CoreTelephony.framework; sourceTree = SDKROOT; };
		BE6116751596DB4000768DD7 /* StoreKit.framework */ = {isa = PBXFileReference; lastKnownFileType = wrapper.framework; name = StoreKit.framework; path = System/Library/Frameworks/StoreKit.framework; sourceTree = SDKROOT; };
		BE6116771596DB4B00768DD7 /* CoreLocation.framework */ = {isa = PBXFileReference; lastKnownFileType = wrapper.framework; name = CoreLocation.framework; path = System/Library/Frameworks/CoreLocation.framework; sourceTree = SDKROOT; };
		BE892258156E04D8004E79DF /* Security.framework */ = {isa = PBXFileReference; lastKnownFileType = wrapper.framework; name = Security.framework; path = System/Library/Frameworks/Security.framework; sourceTree = SDKROOT; };
		BE89225A156E04E0004E79DF /* SystemConfiguration.framework */ = {isa = PBXFileReference; lastKnownFileType = wrapper.framework; name = SystemConfiguration.framework; path = System/Library/Frameworks/SystemConfiguration.framework; sourceTree = SDKROOT; };
		BE8A672B15B25D6100665D41 /* Untitled.gpx */ = {isa = PBXFileReference; lastKnownFileType = text.xml; path = Untitled.gpx; sourceTree = "<group>"; };
		BE9056AB15604D4300D79563 /* news-icon.png */ = {isa = PBXFileReference; lastKnownFileType = image.png; path = "news-icon.png"; sourceTree = "<group>"; };
		BE9F747315AD14C30013D3D9 /* README.md */ = {isa = PBXFileReference; fileEncoding = 4; lastKnownFileType = text; path = README.md; sourceTree = "<group>"; };
		BEB2928A15698EA2008086A3 /* FacebookSocialMediaViewController.m */ = {isa = PBXFileReference; fileEncoding = 4; lastKnownFileType = sourcecode.c.objc; path = FacebookSocialMediaViewController.m; sourceTree = "<group>"; };
		BEB2928B15698EA2008086A3 /* FacebookSocialMediaViewController.h */ = {isa = PBXFileReference; fileEncoding = 4; lastKnownFileType = sourcecode.c.h; path = FacebookSocialMediaViewController.h; sourceTree = "<group>"; };
		BED0A5A91548DAC4007094A5 /* MainTabiPhone.rss */ = {isa = PBXFileReference; fileEncoding = 4; lastKnownFileType = text.xml; path = MainTabiPhone.rss; sourceTree = "<group>"; };
		BED1D7D71564498200FB8E5B /* tabbar-bg@2x.png */ = {isa = PBXFileReference; lastKnownFileType = image.png; path = "tabbar-bg@2x.png"; sourceTree = "<group>"; };
		BED1D7D91564498D00FB8E5B /* tabbar-bg.png */ = {isa = PBXFileReference; lastKnownFileType = image.png; path = "tabbar-bg.png"; sourceTree = "<group>"; };
		BED23D0F155A0C8B00DB2D00 /* CoreImage.framework */ = {isa = PBXFileReference; lastKnownFileType = wrapper.framework; name = CoreImage.framework; path = System/Library/Frameworks/CoreImage.framework; sourceTree = SDKROOT; };
		BED23D26155A13BD00DB2D00 /* events-icon.png */ = {isa = PBXFileReference; lastKnownFileType = image.png; path = "events-icon.png"; sourceTree = "<group>"; };
		BED23D27155A13BD00DB2D00 /* teachings-icon.png */ = {isa = PBXFileReference; lastKnownFileType = image.png; path = "teachings-icon.png"; sourceTree = "<group>"; };
		BED23D28155A13BD00DB2D00 /* whoweare-icon.png */ = {isa = PBXFileReference; lastKnownFileType = image.png; path = "whoweare-icon.png"; sourceTree = "<group>"; };
		BED23D29155A13BD00DB2D00 /* connect-icon.png */ = {isa = PBXFileReference; lastKnownFileType = image.png; path = "connect-icon.png"; sourceTree = "<group>"; };
		BED65F4B157180E600C55083 /* XMLReader.h */ = {isa = PBXFileReference; fileEncoding = 4; lastKnownFileType = sourcecode.c.h; path = XMLReader.h; sourceTree = "<group>"; };
		BED65F4C157180E600C55083 /* XMLReader.m */ = {isa = PBXFileReference; fileEncoding = 4; lastKnownFileType = sourcecode.c.objc; path = XMLReader.m; sourceTree = "<group>"; };
		BED787E21559EF78003CDEA1 /* home-inactive.png */ = {isa = PBXFileReference; lastKnownFileType = image.png; path = "home-inactive.png"; sourceTree = "<group>"; };
		BED787E31559EF78003CDEA1 /* home-active.png */ = {isa = PBXFileReference; lastKnownFileType = image.png; path = "home-active.png"; sourceTree = "<group>"; };
		BED787E41559EF78003CDEA1 /* fb-logo-active.png */ = {isa = PBXFileReference; lastKnownFileType = image.png; path = "fb-logo-active.png"; sourceTree = "<group>"; };
		BED787E51559EF78003CDEA1 /* fb-logo-inactive.png */ = {isa = PBXFileReference; lastKnownFileType = image.png; path = "fb-logo-inactive.png"; sourceTree = "<group>"; };
		BED787E61559EF78003CDEA1 /* pco-logo-inactive.png */ = {isa = PBXFileReference; lastKnownFileType = image.png; path = "pco-logo-inactive.png"; sourceTree = "<group>"; };
		BED787E71559EF78003CDEA1 /* tabbar-active-bg.png */ = {isa = PBXFileReference; lastKnownFileType = image.png; path = "tabbar-active-bg.png"; sourceTree = "<group>"; };
		BED787E81559EF78003CDEA1 /* pco-logo-active.png */ = {isa = PBXFileReference; lastKnownFileType = image.png; path = "pco-logo-active.png"; sourceTree = "<group>"; };
		BED787EA1559EF78003CDEA1 /* background.png */ = {isa = PBXFileReference; lastKnownFileType = image.png; path = background.png; sourceTree = "<group>"; };
		BED787F01559EF78003CDEA1 /* imago-logo.png */ = {isa = PBXFileReference; lastKnownFileType = image.png; path = "imago-logo.png"; sourceTree = "<group>"; };
		BED788041559EF9B003CDEA1 /* Icon-Small-50.png */ = {isa = PBXFileReference; lastKnownFileType = image.png; path = "Icon-Small-50.png"; sourceTree = "<group>"; };
		BED788051559EF9B003CDEA1 /* Icon-Small-50@2x.png */ = {isa = PBXFileReference; lastKnownFileType = image.png; path = "Icon-Small-50@2x.png"; sourceTree = "<group>"; };
		BED788061559EF9B003CDEA1 /* Icon-Small.png */ = {isa = PBXFileReference; lastKnownFileType = image.png; path = "Icon-Small.png"; sourceTree = "<group>"; };
		BED788071559EF9B003CDEA1 /* Icon-Small@2x.png */ = {isa = PBXFileReference; lastKnownFileType = image.png; path = "Icon-Small@2x.png"; sourceTree = "<group>"; };
		BED788091559EF9B003CDEA1 /* iTunesArtwork */ = {isa = PBXFileReference; lastKnownFileType = file; name = iTunesArtwork; path = ImagoDei/iTunesArtwork; sourceTree = "<group>"; };
		BED7880B1559EF9B003CDEA1 /* iTunesArtwork@2x */ = {isa = PBXFileReference; lastKnownFileType = file; name = "iTunesArtwork@2x"; path = "ImagoDei/iTunesArtwork@2x"; sourceTree = "<group>"; };
		BED788161559EFD3003CDEA1 /* Icon@2x.png */ = {isa = PBXFileReference; lastKnownFileType = image.png; path = "Icon@2x.png"; sourceTree = "<group>"; };
		BED788181559EFEB003CDEA1 /* Icon.png */ = {isa = PBXFileReference; lastKnownFileType = image.png; path = Icon.png; sourceTree = "<group>"; };
		BED7881A1559F007003CDEA1 /* Icon-72@2x.png */ = {isa = PBXFileReference; lastKnownFileType = image.png; path = "Icon-72@2x.png"; sourceTree = "<group>"; };
		BED7881C1559F00C003CDEA1 /* Icon-72.png */ = {isa = PBXFileReference; lastKnownFileType = image.png; path = "Icon-72.png"; sourceTree = "<group>"; };
		BED87DE21562D6BD00141114 /* ImagoDeiStandardTableViewController.h */ = {isa = PBXFileReference; fileEncoding = 4; lastKnownFileType = sourcecode.c.h; path = ImagoDeiStandardTableViewController.h; sourceTree = "<group>"; };
		BED87DE31562D6BD00141114 /* ImagoDeiStandardTableViewController.m */ = {isa = PBXFileReference; fileEncoding = 4; lastKnownFileType = sourcecode.c.objc; path = ImagoDeiStandardTableViewController.m; sourceTree = "<group>"; };
		BEDAF47A157C6D0400606339 /* future_plans2.xml */ = {isa = PBXFileReference; fileEncoding = 4; lastKnownFileType = text.xml; path = future_plans2.xml; sourceTree = "<group>"; };
		BEDF1E56154791C4009FCA21 /* ImagoDei.app */ = {isa = PBXFileReference; explicitFileType = wrapper.application; includeInIndex = 0; path = ImagoDei.app; sourceTree = BUILT_PRODUCTS_DIR; };
		BEDF1E5A154791C4009FCA21 /* UIKit.framework */ = {isa = PBXFileReference; lastKnownFileType = wrapper.framework; name = UIKit.framework; path = System/Library/Frameworks/UIKit.framework; sourceTree = SDKROOT; };
		BEDF1E5C154791C4009FCA21 /* Foundation.framework */ = {isa = PBXFileReference; lastKnownFileType = wrapper.framework; name = Foundation.framework; path = System/Library/Frameworks/Foundation.framework; sourceTree = SDKROOT; };
		BEDF1E5E154791C4009FCA21 /* CoreGraphics.framework */ = {isa = PBXFileReference; lastKnownFileType = wrapper.framework; name = CoreGraphics.framework; path = System/Library/Frameworks/CoreGraphics.framework; sourceTree = SDKROOT; };
		BEDF1E62154791C4009FCA21 /* ImagoDei-Info.plist */ = {isa = PBXFileReference; lastKnownFileType = text.plist.xml; path = "ImagoDei-Info.plist"; sourceTree = "<group>"; };
		BEDF1E64154791C4009FCA21 /* en */ = {isa = PBXFileReference; lastKnownFileType = text.plist.strings; name = en; path = en.lproj/InfoPlist.strings; sourceTree = "<group>"; };
		BEDF1E68154791C4009FCA21 /* ImagoDei-Prefix.pch */ = {isa = PBXFileReference; lastKnownFileType = sourcecode.c.h; path = "ImagoDei-Prefix.pch"; sourceTree = "<group>"; };
		BEDF1E7D15479537009FCA21 /* f_logo.png */ = {isa = PBXFileReference; lastKnownFileType = image.png; path = f_logo.png; sourceTree = "<group>"; };
		BEDF1E951547955C009FCA21 /* ImageViewController.h */ = {isa = PBXFileReference; fileEncoding = 4; lastKnownFileType = sourcecode.c.h; path = ImageViewController.h; sourceTree = "<group>"; };
		BEDF1E961547955C009FCA21 /* ImageViewController.m */ = {isa = PBXFileReference; fileEncoding = 4; lastKnownFileType = sourcecode.c.objc; path = ImageViewController.m; sourceTree = "<group>"; };
		BEDF1E9A15479598009FCA21 /* ImagoDeiAppDelegate.h */ = {isa = PBXFileReference; fileEncoding = 4; lastKnownFileType = sourcecode.c.h; path = ImagoDeiAppDelegate.h; sourceTree = SOURCE_ROOT; };
		BEDF1E9B15479598009FCA21 /* ImagoDeiAppDelegate.m */ = {isa = PBXFileReference; fileEncoding = 4; lastKnownFileType = sourcecode.c.objc; path = ImagoDeiAppDelegate.m; sourceTree = SOURCE_ROOT; };
		BEDF1E9D154795BD009FCA21 /* ImagoDeiDataFetcher.h */ = {isa = PBXFileReference; fileEncoding = 4; lastKnownFileType = sourcecode.c.h; path = ImagoDeiDataFetcher.h; sourceTree = SOURCE_ROOT; };
		BEDF1E9E154795BD009FCA21 /* ImagoDeiDataFetcher.m */ = {isa = PBXFileReference; fileEncoding = 4; lastKnownFileType = sourcecode.c.objc; path = ImagoDeiDataFetcher.m; sourceTree = SOURCE_ROOT; };
		BEDF1EA1154795CE009FCA21 /* JSONImagoDei.txt */ = {isa = PBXFileReference; fileEncoding = 4; lastKnownFileType = text; name = JSONImagoDei.txt; path = ../JSONImagoDei.txt; sourceTree = "<group>"; };
		BEDF1EAB154795FB009FCA21 /* main.m */ = {isa = PBXFileReference; fileEncoding = 4; lastKnownFileType = sourcecode.c.objc; name = main.m; path = ../main.m; sourceTree = "<group>"; };
		BEDF1EAC154795FB009FCA21 /* MainPageViewController.h */ = {isa = PBXFileReference; fileEncoding = 4; lastKnownFileType = sourcecode.c.h; name = MainPageViewController.h; path = ../MainPageViewController.h; sourceTree = "<group>"; };
		BEDF1EAD154795FB009FCA21 /* MainPageViewController.m */ = {isa = PBXFileReference; fileEncoding = 4; lastKnownFileType = sourcecode.c.objc; name = MainPageViewController.m; path = ../MainPageViewController.m; sourceTree = "<group>"; };
		BEDF1EBB1547961C009FCA21 /* SocialMediaDetailViewController.h */ = {isa = PBXFileReference; fileEncoding = 4; lastKnownFileType = sourcecode.c.h; name = SocialMediaDetailViewController.h; path = ../SocialMediaDetailViewController.h; sourceTree = "<group>"; };
		BEDF1EBC1547961C009FCA21 /* SocialMediaDetailViewController.m */ = {isa = PBXFileReference; fileEncoding = 4; lastKnownFileType = sourcecode.c.objc; name = SocialMediaDetailViewController.m; path = ../SocialMediaDetailViewController.m; sourceTree = "<group>"; };
		BEDF1ED41547963F009FCA21 /* Twitter.framework */ = {isa = PBXFileReference; lastKnownFileType = wrapper.framework; name = Twitter.framework; path = System/Library/Frameworks/Twitter.framework; sourceTree = SDKROOT; };
		BEE22935155E175D00504B5D /* iPhone_Storyboard.storyboard */ = {isa = PBXFileReference; fileEncoding = 4; lastKnownFileType = file.storyboard; path = iPhone_Storyboard.storyboard; sourceTree = "<group>"; };
		BEE22938155E2C6A00504B5D /* PlanningCenterViewController.h */ = {isa = PBXFileReference; fileEncoding = 4; lastKnownFileType = sourcecode.c.h; path = PlanningCenterViewController.h; sourceTree = "<group>"; };
		BEE22939155E2C6A00504B5D /* PlanningCenterViewController.m */ = {isa = PBXFileReference; fileEncoding = 4; lastKnownFileType = sourcecode.c.objc; path = PlanningCenterViewController.m; sourceTree = "<group>"; };
		BEE79313156FE54000F2EC23 /* GTMOAuthAuthentication.h */ = {isa = PBXFileReference; fileEncoding = 4; lastKnownFileType = sourcecode.c.h; path = GTMOAuthAuthentication.h; sourceTree = "<group>"; };
		BEE79314156FE54000F2EC23 /* GTMOAuthAuthentication.m */ = {isa = PBXFileReference; fileEncoding = 4; lastKnownFileType = sourcecode.c.objc; path = GTMOAuthAuthentication.m; sourceTree = "<group>"; };
		BEE79315156FE54000F2EC23 /* GTMOAuthSignIn.h */ = {isa = PBXFileReference; fileEncoding = 4; lastKnownFileType = sourcecode.c.h; path = GTMOAuthSignIn.h; sourceTree = "<group>"; };
		BEE79316156FE54000F2EC23 /* GTMOAuthSignIn.m */ = {isa = PBXFileReference; fileEncoding = 4; lastKnownFileType = sourcecode.c.objc; path = GTMOAuthSignIn.m; sourceTree = "<group>"; };
		BEE79319156FE55000F2EC23 /* GTMOAuthViewControllerTouch.h */ = {isa = PBXFileReference; fileEncoding = 4; lastKnownFileType = sourcecode.c.h; path = GTMOAuthViewControllerTouch.h; sourceTree = "<group>"; };
		BEE7931A156FE55000F2EC23 /* GTMOAuthViewControllerTouch.m */ = {isa = PBXFileReference; fileEncoding = 4; lastKnownFileType = sourcecode.c.objc; path = GTMOAuthViewControllerTouch.m; sourceTree = "<group>"; };
		BEE7931B156FE55000F2EC23 /* GTMOAuthViewTouch.xib */ = {isa = PBXFileReference; fileEncoding = 4; lastKnownFileType = file.xib; path = GTMOAuthViewTouch.xib; sourceTree = "<group>"; };
		BEE7931E156FE57E00F2EC23 /* GTMHTTPFetcher.h */ = {isa = PBXFileReference; fileEncoding = 4; lastKnownFileType = sourcecode.c.h; path = GTMHTTPFetcher.h; sourceTree = "<group>"; };
		BEE7931F156FE57E00F2EC23 /* GTMHTTPFetcher.m */ = {isa = PBXFileReference; fileEncoding = 4; lastKnownFileType = sourcecode.c.objc; path = GTMHTTPFetcher.m; sourceTree = "<group>"; };
		BEED316F157434EC008F63AE /* SBJsonBase.h */ = {isa = PBXFileReference; fileEncoding = 4; lastKnownFileType = sourcecode.c.h; path = SBJsonBase.h; sourceTree = "<group>"; };
		BEED3170157434EC008F63AE /* SBJsonParser.h */ = {isa = PBXFileReference; fileEncoding = 4; lastKnownFileType = sourcecode.c.h; path = SBJsonParser.h; sourceTree = "<group>"; };
		BEED3171157434EC008F63AE /* SBJsonWriter.h */ = {isa = PBXFileReference; fileEncoding = 4; lastKnownFileType = sourcecode.c.h; path = SBJsonWriter.h; sourceTree = "<group>"; };
		BEED317215743503008F63AE /* libfacebook_ios_sdk.a */ = {isa = PBXFileReference; lastKnownFileType = archive.ar; path = libfacebook_ios_sdk.a; sourceTree = "<group>"; };
		BEED317315743503008F63AE /* NSObject+SBJSON.h */ = {isa = PBXFileReference; fileEncoding = 4; lastKnownFileType = sourcecode.c.h; path = "NSObject+SBJSON.h"; sourceTree = "<group>"; };
		BEED317415743503008F63AE /* NSString+SBJSON.h */ = {isa = PBXFileReference; fileEncoding = 4; lastKnownFileType = sourcecode.c.h; path = "NSString+SBJSON.h"; sourceTree = "<group>"; };
		BEED317515743503008F63AE /* SBJSON.h */ = {isa = PBXFileReference; fileEncoding = 4; lastKnownFileType = sourcecode.c.h; path = SBJSON.h; sourceTree = "<group>"; };
		BEED317715743511008F63AE /* FBDialog.h */ = {isa = PBXFileReference; fileEncoding = 4; lastKnownFileType = sourcecode.c.h; path = FBDialog.h; sourceTree = "<group>"; };
		BEED317815743511008F63AE /* FBFrictionlessRequestSettings.h */ = {isa = PBXFileReference; fileEncoding = 4; lastKnownFileType = sourcecode.c.h; path = FBFrictionlessRequestSettings.h; sourceTree = "<group>"; };
		BEED317915743511008F63AE /* FBLoginDialog.h */ = {isa = PBXFileReference; fileEncoding = 4; lastKnownFileType = sourcecode.c.h; path = FBLoginDialog.h; sourceTree = "<group>"; };
		BEED317A15743511008F63AE /* FBRequest.h */ = {isa = PBXFileReference; fileEncoding = 4; lastKnownFileType = sourcecode.c.h; path = FBRequest.h; sourceTree = "<group>"; };
		BEED317B15743511008F63AE /* JSON.h */ = {isa = PBXFileReference; fileEncoding = 4; lastKnownFileType = sourcecode.c.h; path = JSON.h; sourceTree = "<group>"; };
		BEED317C15743529008F63AE /* Facebook.h */ = {isa = PBXFileReference; fileEncoding = 4; lastKnownFileType = sourcecode.c.h; path = Facebook.h; sourceTree = "<group>"; };
		BEED317D15743529008F63AE /* FBConnect.h */ = {isa = PBXFileReference; fileEncoding = 4; lastKnownFileType = sourcecode.c.h; path = FBConnect.h; sourceTree = "<group>"; };
		BEED317E15743529008F63AE /* FBDialog.bundle */ = {isa = PBXFileReference; lastKnownFileType = "wrapper.plug-in"; path = FBDialog.bundle; sourceTree = "<group>"; };
		BEF4A436154DCA080015E00D /* ImagoDeiMediaController.h */ = {isa = PBXFileReference; fileEncoding = 4; lastKnownFileType = sourcecode.c.h; path = ImagoDeiMediaController.h; sourceTree = "<group>"; };
		BEF4A437154DCA080015E00D /* ImagoDeiMediaController.m */ = {isa = PBXFileReference; fileEncoding = 4; lastKnownFileType = sourcecode.c.objc; path = ImagoDeiMediaController.m; sourceTree = "<group>"; };
		BEF4A438154DCA080015E00D /* ImagoDeiMediaController.xib */ = {isa = PBXFileReference; fileEncoding = 4; lastKnownFileType = file.xib; path = ImagoDeiMediaController.xib; sourceTree = "<group>"; };
/* End PBXFileReference section */

/* Begin PBXFrameworksBuildPhase section */
		BE56D5AE157AB68C0027A519 /* Frameworks */ = {
			isa = PBXFrameworksBuildPhase;
			buildActionMask = 2147483647;
			files = (
				BE56D5B4157AB68C0027A519 /* SenTestingKit.framework in Frameworks */,
				BE56D5B5157AB68C0027A519 /* UIKit.framework in Frameworks */,
				BE56D5B6157AB68C0027A519 /* Foundation.framework in Frameworks */,
			);
			runOnlyForDeploymentPostprocessing = 0;
		};
		BEDF1E53154791C4009FCA21 /* Frameworks */ = {
			isa = PBXFrameworksBuildPhase;
			buildActionMask = 2147483647;
			files = (
				BE4E2900159803190000F0F2 /* libUAirship-1.2.2.a in Frameworks */,
				BE6116781596DB4B00768DD7 /* CoreLocation.framework in Frameworks */,
				BE6116761596DB4000768DD7 /* StoreKit.framework in Frameworks */,
				BE6116741596DB3700768DD7 /* CoreTelephony.framework in Frameworks */,
				BE6116721596DB2900768DD7 /* libsqlite3.dylib in Frameworks */,
				BE6116701596DB1E00768DD7 /* libz.dylib in Frameworks */,
				BE61166E1596DB0600768DD7 /* MobileCoreServices.framework in Frameworks */,
				BE61166C1596DAF600768DD7 /* CFNetwork.framework in Frameworks */,
				BE89225B156E04E0004E79DF /* SystemConfiguration.framework in Frameworks */,
				BE892259156E04D8004E79DF /* Security.framework in Frameworks */,
				BE54BC191560A18500F85DD9 /* QuartzCore.framework in Frameworks */,
				BED23D10155A0C8B00DB2D00 /* CoreImage.framework in Frameworks */,
				BE1C3FBF154BA71400775B14 /* MediaPlayer.framework in Frameworks */,
				BE1C3FBD154B9C6000775B14 /* CoreMedia.framework in Frameworks */,
				BE1C3FB4154B7F7100775B14 /* AVFoundation.framework in Frameworks */,
				BEDF1ED51547963F009FCA21 /* Twitter.framework in Frameworks */,
				BEDF1E5B154791C4009FCA21 /* UIKit.framework in Frameworks */,
				BEDF1E5D154791C4009FCA21 /* Foundation.framework in Frameworks */,
				BEDF1E5F154791C4009FCA21 /* CoreGraphics.framework in Frameworks */,
				BEED317615743503008F63AE /* libfacebook_ios_sdk.a in Frameworks */,
			);
			runOnlyForDeploymentPostprocessing = 0;
		};
/* End PBXFrameworksBuildPhase section */

/* Begin PBXGroup section */
		BE04B97715647E2D003FD971 /* Tabbar Images */ = {
			isa = PBXGroup;
			children = (
				BE04B95C156478B3003FD971 /* fb-logo-active@2x.png */,
				BED787E41559EF78003CDEA1 /* fb-logo-active.png */,
				BE04B95D156478B3003FD971 /* fb-logo-inactive@2x.png */,
				BED787E51559EF78003CDEA1 /* fb-logo-inactive.png */,
				BE04B95E156478B4003FD971 /* pco-logo-inactive@2x.png */,
				BED787E61559EF78003CDEA1 /* pco-logo-inactive.png */,
				BE04B960156478B4003FD971 /* pco-logo-active@2x.png */,
				BED787E81559EF78003CDEA1 /* pco-logo-active.png */,
				BE04B95A156478B3003FD971 /* home-inactive@2x.png */,
				BED787E21559EF78003CDEA1 /* home-inactive.png */,
				BE04B95B156478B3003FD971 /* home-active@2x.png */,
				BED787E31559EF78003CDEA1 /* home-active.png */,
				BE04B95F156478B4003FD971 /* tabbar-active-bg@2x.png */,
				BED787E71559EF78003CDEA1 /* tabbar-active-bg.png */,
				BED1D7D71564498200FB8E5B /* tabbar-bg@2x.png */,
				BED1D7D91564498D00FB8E5B /* tabbar-bg.png */,
			);
			name = "Tabbar Images";
			sourceTree = "<group>";
		};
		BE04B97815647F28003FD971 /* Main Page Icons */ = {
			isa = PBXGroup;
			children = (
				BE04B969156479FD003FD971 /* connect-icon@2x.png */,
				BED23D29155A13BD00DB2D00 /* connect-icon.png */,
				BE04B96A156479FD003FD971 /* events-icon@2x.png */,
				BED23D26155A13BD00DB2D00 /* events-icon.png */,
				BE04B96B156479FD003FD971 /* news-icon@2x.png */,
				BE9056AB15604D4300D79563 /* news-icon.png */,
				BE04B96C156479FD003FD971 /* teachings-icon@2x.png */,
				BED23D27155A13BD00DB2D00 /* teachings-icon.png */,
				BE04B96D156479FD003FD971 /* whoweare-icon@2x.png */,
				BED23D28155A13BD00DB2D00 /* whoweare-icon.png */,
			);
			name = "Main Page Icons";
			sourceTree = "<group>";
		};
		BE56D5B7157AB68C0027A519 /* ImagoDeiLogicTests */ = {
			isa = PBXGroup;
			children = (
				BE56D5BD157AB68C0027A519 /* ImagoDeiLogicTests.h */,
				BE56D5BE157AB68C0027A519 /* ImagoDeiLogicTests.m */,
				BE56D5B8157AB68C0027A519 /* Supporting Files */,
			);
			path = ImagoDeiLogicTests;
			sourceTree = "<group>";
		};
		BE56D5B8157AB68C0027A519 /* Supporting Files */ = {
			isa = PBXGroup;
			children = (
				BE56D5B9157AB68C0027A519 /* ImagoDeiLogicTests-Info.plist */,
				BE56D5BA157AB68C0027A519 /* InfoPlist.strings */,
				BE56D5C0157AB68C0027A519 /* ImagoDeiLogicTests-Prefix.pch */,
			);
			name = "Supporting Files";
			sourceTree = "<group>";
		};
		BE56D5CA157B12610027A519 /* Button Images */ = {
			isa = PBXGroup;
			children = (
				BE4996F015845EBF005A5BDF /* FacebookButton@2x.png */,
				BE56D5CB157B12790027A519 /* greenButton.png */,
				BE56D5CC157B12790027A519 /* greenButtonActivated.png */,
				BE56D5CD157B12790027A519 /* redButton.png */,
				BE56D5CE157B12790027A519 /* redButtonActivated.png */,
				BE56D5CF157B12790027A519 /* yellowButton.png */,
				BE56D5D0157B12790027A519 /* yellowButtonActivated.png */,
				BE56D5D1157B12790027A519 /* yellowButtonActivated@2x.png */,
				BE56D5D2157B12790027A519 /* yellowButton@2x.png */,
				BE56D5D3157B12790027A519 /* redButtonActivated@2x.png */,
				BE56D5D4157B12790027A519 /* redButton@2x.png */,
				BE56D5D5157B12790027A519 /* greenButtonActivated@2x.png */,
				BE56D5D6157B12790027A519 /* greenButton@2x.png */,
			);
			name = "Button Images";
			sourceTree = "<group>";
		};
		BEA8313E159BE35A00EB63CD /* GTM Files */ = {
			isa = PBXGroup;
			children = (
				BEE79313156FE54000F2EC23 /* GTMOAuthAuthentication.h */,
				BEE79314156FE54000F2EC23 /* GTMOAuthAuthentication.m */,
				BEE79315156FE54000F2EC23 /* GTMOAuthSignIn.h */,
				BEE79316156FE54000F2EC23 /* GTMOAuthSignIn.m */,
				BEE79319156FE55000F2EC23 /* GTMOAuthViewControllerTouch.h */,
				BEE7931A156FE55000F2EC23 /* GTMOAuthViewControllerTouch.m */,
				BEE7931B156FE55000F2EC23 /* GTMOAuthViewTouch.xib */,
				BEE7931E156FE57E00F2EC23 /* GTMHTTPFetcher.h */,
				BEE7931F156FE57E00F2EC23 /* GTMHTTPFetcher.m */,
			);
			name = "GTM Files";
			sourceTree = "<group>";
		};
		BED788011559EF88003CDEA1 /* Icons */ = {
			isa = PBXGroup;
			children = (
				BED788041559EF9B003CDEA1 /* Icon-Small-50.png */,
				BED788051559EF9B003CDEA1 /* Icon-Small-50@2x.png */,
				BED788061559EF9B003CDEA1 /* Icon-Small.png */,
				BED788071559EF9B003CDEA1 /* Icon-Small@2x.png */,
			);
			name = Icons;
			sourceTree = "<group>";
		};
		BEDF1E4B154791C4009FCA21 = {
			isa = PBXGroup;
			children = (
				BE53E32C15B26A4600F6705F /* ImagoDei.gpx */,
				BE8A672B15B25D6100665D41 /* Untitled.gpx */,
				BE9F747315AD14C30013D3D9 /* README.md */,
				BED788091559EF9B003CDEA1 /* iTunesArtwork */,
				BED7880B1559EF9B003CDEA1 /* iTunesArtwork@2x */,
				BED7881C1559F00C003CDEA1 /* Icon-72.png */,
				BED7881A1559F007003CDEA1 /* Icon-72@2x.png */,
				BED788181559EFEB003CDEA1 /* Icon.png */,
				BED788161559EFD3003CDEA1 /* Icon@2x.png */,
				BEDF1E60154791C4009FCA21 /* ImagoDei */,
				BE56D5B7157AB68C0027A519 /* ImagoDeiLogicTests */,
				BEDF1E59154791C4009FCA21 /* Frameworks */,
				BEDF1E57154791C4009FCA21 /* Products */,
			);
			sourceTree = "<group>";
		};
		BEDF1E57154791C4009FCA21 /* Products */ = {
			isa = PBXGroup;
			children = (
				BEDF1E56154791C4009FCA21 /* ImagoDei.app */,
				BE56D5B2157AB68C0027A519 /* ImagoDeiLogicTests.octest */,
			);
			name = Products;
			sourceTree = "<group>";
		};
		BEDF1E59154791C4009FCA21 /* Frameworks */ = {
			isa = PBXGroup;
			children = (
				BE6116771596DB4B00768DD7 /* CoreLocation.framework */,
				BE6116751596DB4000768DD7 /* StoreKit.framework */,
				BE6116731596DB3700768DD7 /* CoreTelephony.framework */,
				BE6116711596DB2900768DD7 /* libsqlite3.dylib */,
				BE61166F1596DB1E00768DD7 /* libz.dylib */,
				BE61166D1596DB0600768DD7 /* MobileCoreServices.framework */,
				BE61166B1596DAF600768DD7 /* CFNetwork.framework */,
				BE89225A156E04E0004E79DF /* SystemConfiguration.framework */,
				BE892258156E04D8004E79DF /* Security.framework */,
				BE54BC181560A18500F85DD9 /* QuartzCore.framework */,
				BED23D0F155A0C8B00DB2D00 /* CoreImage.framework */,
				BE1C3FBE154BA71400775B14 /* MediaPlayer.framework */,
				BE1C3FBC154B9C6000775B14 /* CoreMedia.framework */,
				BE1C3FB3154B7F7100775B14 /* AVFoundation.framework */,
				BEDF1ED41547963F009FCA21 /* Twitter.framework */,
				BEDF1E5A154791C4009FCA21 /* UIKit.framework */,
				BEDF1E5C154791C4009FCA21 /* Foundation.framework */,
				BEDF1E5E154791C4009FCA21 /* CoreGraphics.framework */,
				BE56D5B3157AB68C0027A519 /* SenTestingKit.framework */,
			);
			name = Frameworks;
			sourceTree = "<group>";
		};
		BEDF1E60154791C4009FCA21 /* ImagoDei */ = {
			isa = PBXGroup;
			children = (
				BEE22935155E175D00504B5D /* iPhone_Storyboard.storyboard */,
				BEDF1EBB1547961C009FCA21 /* SocialMediaDetailViewController.h */,
				BEDF1EBC1547961C009FCA21 /* SocialMediaDetailViewController.m */,
				BE074DF21583F276003E4881 /* ImagoDeiTextEntryViewController.h */,
				BE074DF31583F276003E4881 /* ImagoDeiTextEntryViewController.m */,
				BEE22938155E2C6A00504B5D /* PlanningCenterViewController.h */,
				BEE22939155E2C6A00504B5D /* PlanningCenterViewController.m */,
				BEDF1EAC154795FB009FCA21 /* MainPageViewController.h */,
				BEDF1EAD154795FB009FCA21 /* MainPageViewController.m */,
				BEF4A436154DCA080015E00D /* ImagoDeiMediaController.h */,
				BEF4A437154DCA080015E00D /* ImagoDeiMediaController.m */,
				BEF4A438154DCA080015E00D /* ImagoDeiMediaController.xib */,
				BEDF1E951547955C009FCA21 /* ImageViewController.h */,
				BE2F9B09156C9D5D008C434A /* WebViewController.h */,
				BE2F9B07156C9D54008C434A /* WebViewController.m */,
				BEDF1E961547955C009FCA21 /* ImageViewController.m */,
				BEB2928B15698EA2008086A3 /* FacebookSocialMediaViewController.h */,
				BEB2928A15698EA2008086A3 /* FacebookSocialMediaViewController.m */,
				BE54BC211560A4B400F85DD9 /* PullRefreshTableViewController.h */,
				BE54BC221560A4B500F85DD9 /* PullRefreshTableViewController.m */,
				BED87DE21562D6BD00141114 /* ImagoDeiStandardTableViewController.h */,
				BED87DE31562D6BD00141114 /* ImagoDeiStandardTableViewController.m */,
				BED65F4B157180E600C55083 /* XMLReader.h */,
				BED65F4C157180E600C55083 /* XMLReader.m */,
				BEDF1E9D154795BD009FCA21 /* ImagoDeiDataFetcher.h */,
				BEDF1E9E154795BD009FCA21 /* ImagoDeiDataFetcher.m */,
				BEDF1E9A15479598009FCA21 /* ImagoDeiAppDelegate.h */,
				BEDF1E9B15479598009FCA21 /* ImagoDeiAppDelegate.m */,
				BEDF1E61154791C4009FCA21 /* Supporting Files */,
			);
			path = ImagoDei;
			sourceTree = "<group>";
		};
		BEDF1E61154791C4009FCA21 /* Supporting Files */ = {
			isa = PBXGroup;
			children = (
				BE2F9B16156CA0AF008C434A /* MyApplication.m */,
				BE2F9B17156CA0AF008C434A /* MyApplication.h */,
				BE4E28FF159803190000F0F2 /* libUAirship-1.2.2.a */,
				BE56D5C8157AE15D0027A519 /* future_plans.xml */,
				BEDAF47A157C6D0400606339 /* future_plans2.xml */,
				BEDF1EAB154795FB009FCA21 /* main.m */,
				BED0A5A91548DAC4007094A5 /* MainTabiPhone.rss */,
				BEDF1EA1154795CE009FCA21 /* JSONImagoDei.txt */,
				BEA8313E159BE35A00EB63CD /* GTM Files */,
				BEDF1EDC1547977F009FCA21 /* Build Settings */,
				BEDF1EDB1547971D009FCA21 /* Images */,
				BEDF1EDA154796B1009FCA21 /* Facebook */,
			);
			name = "Supporting Files";
			sourceTree = "<group>";
		};
		BEDF1EDA154796B1009FCA21 /* Facebook */ = {
			isa = PBXGroup;
			children = (
				BEED317C15743529008F63AE /* Facebook.h */,
				BEED317D15743529008F63AE /* FBConnect.h */,
				BEED317E15743529008F63AE /* FBDialog.bundle */,
				BEED317715743511008F63AE /* FBDialog.h */,
				BEED317815743511008F63AE /* FBFrictionlessRequestSettings.h */,
				BEED317915743511008F63AE /* FBLoginDialog.h */,
				BEED317A15743511008F63AE /* FBRequest.h */,
				BEED317B15743511008F63AE /* JSON.h */,
				BEED317215743503008F63AE /* libfacebook_ios_sdk.a */,
				BEED317315743503008F63AE /* NSObject+SBJSON.h */,
				BEED317415743503008F63AE /* NSString+SBJSON.h */,
				BEED317515743503008F63AE /* SBJSON.h */,
				BEED316F157434EC008F63AE /* SBJsonBase.h */,
				BEED3170157434EC008F63AE /* SBJsonParser.h */,
				BEED3171157434EC008F63AE /* SBJsonWriter.h */,
			);
			name = Facebook;
			sourceTree = "<group>";
		};
		BEDF1EDB1547971D009FCA21 /* Images */ = {
			isa = PBXGroup;
			children = (
				BE56D5CA157B12610027A519 /* Button Images */,
				BE04B97815647F28003FD971 /* Main Page Icons */,
				BE04B97715647E2D003FD971 /* Tabbar Images */,
				BED788011559EF88003CDEA1 /* Icons */,
				BE56D5E3157B270D0027A519 /* arrow-sideways.png */,
				BE56D5A9157AA7CE0027A519 /* btn_decline.png */,
				BE56D5AA157AA7CE0027A519 /* btn_accept.png */,
				BE54BC131560A12200F85DD9 /* arrow.png */,
				BE04B97315647C12003FD971 /* imago-logo@2x.png */,
				BE04B97515647D0E003FD971 /* background@2x.png */,
				BED787EA1559EF78003CDEA1 /* background.png */,
				BED787F01559EF78003CDEA1 /* imago-logo.png */,
				BEDF1E7D15479537009FCA21 /* f_logo.png */,
			);
			name = Images;
			sourceTree = "<group>";
		};
		BEDF1EDC1547977F009FCA21 /* Build Settings */ = {
			isa = PBXGroup;
			children = (
				BE6116691596DA9200768DD7 /* AirshipConfig.plist */,
				BEDF1E68154791C4009FCA21 /* ImagoDei-Prefix.pch */,
				BEDF1E62154791C4009FCA21 /* ImagoDei-Info.plist */,
				BEDF1E63154791C4009FCA21 /* InfoPlist.strings */,
			);
			name = "Build Settings";
			sourceTree = "<group>";
		};
/* End PBXGroup section */

/* Begin PBXNativeTarget section */
		BE56D5B1157AB68C0027A519 /* ImagoDeiLogicTests */ = {
			isa = PBXNativeTarget;
			buildConfigurationList = BE56D5C1157AB68C0027A519 /* Build configuration list for PBXNativeTarget "ImagoDeiLogicTests" */;
			buildPhases = (
				BE56D5AD157AB68C0027A519 /* Sources */,
				BE56D5AE157AB68C0027A519 /* Frameworks */,
				BE56D5AF157AB68C0027A519 /* Resources */,
				BE56D5B0157AB68C0027A519 /* ShellScript */,
			);
			buildRules = (
			);
			dependencies = (
			);
			name = ImagoDeiLogicTests;
			productName = ImagoDeiLogicTests;
			productReference = BE56D5B2157AB68C0027A519 /* ImagoDeiLogicTests.octest */;
			productType = "com.apple.product-type.bundle";
		};
		BEDF1E55154791C4009FCA21 /* ImagoDei */ = {
			isa = PBXNativeTarget;
			buildConfigurationList = BEDF1E6E154791C4009FCA21 /* Build configuration list for PBXNativeTarget "ImagoDei" */;
			buildPhases = (
				BEDF1E52154791C4009FCA21 /* Sources */,
				BEDF1E53154791C4009FCA21 /* Frameworks */,
				BEDF1E54154791C4009FCA21 /* Resources */,
			);
			buildRules = (
			);
			dependencies = (
			);
			name = ImagoDei;
			productName = ImagoDei;
			productReference = BEDF1E56154791C4009FCA21 /* ImagoDei.app */;
			productType = "com.apple.product-type.application";
		};
/* End PBXNativeTarget section */

/* Begin PBXProject section */
		BEDF1E4D154791C4009FCA21 /* Project object */ = {
			isa = PBXProject;
			attributes = {
				CLASSPREFIX = ImagoDei;
				LastUpgradeCheck = 0430;
			};
			buildConfigurationList = BEDF1E50154791C4009FCA21 /* Build configuration list for PBXProject "ImagoDei" */;
			compatibilityVersion = "Xcode 3.2";
			developmentRegion = English;
			hasScannedForEncodings = 0;
			knownRegions = (
				en,
			);
			mainGroup = BEDF1E4B154791C4009FCA21;
			productRefGroup = BEDF1E57154791C4009FCA21 /* Products */;
			projectDirPath = "";
			projectRoot = "";
			targets = (
				BEDF1E55154791C4009FCA21 /* ImagoDei */,
				BE56D5B1157AB68C0027A519 /* ImagoDeiLogicTests */,
			);
		};
/* End PBXProject section */

/* Begin PBXResourcesBuildPhase section */
		BE56D5AF157AB68C0027A519 /* Resources */ = {
			isa = PBXResourcesBuildPhase;
			buildActionMask = 2147483647;
			files = (
				BE56D5BC157AB68C0027A519 /* InfoPlist.strings in Resources */,
			);
			runOnlyForDeploymentPostprocessing = 0;
		};
		BEDF1E54154791C4009FCA21 /* Resources */ = {
			isa = PBXResourcesBuildPhase;
			buildActionMask = 2147483647;
			files = (
				BEDF1E65154791C4009FCA21 /* InfoPlist.strings in Resources */,
				BEDF1E8715479537009FCA21 /* f_logo.png in Resources */,
				BEDF1EA3154795CE009FCA21 /* JSONImagoDei.txt in Resources */,
				BED0A5AA1548DAC4007094A5 /* MainTabiPhone.rss in Resources */,
				BEF4A43A154DCA080015E00D /* ImagoDeiMediaController.xib in Resources */,
				BED787F21559EF78003CDEA1 /* home-inactive.png in Resources */,
				BED787F31559EF78003CDEA1 /* home-active.png in Resources */,
				BED787F41559EF78003CDEA1 /* fb-logo-active.png in Resources */,
				BED787F51559EF78003CDEA1 /* fb-logo-inactive.png in Resources */,
				BED787F61559EF78003CDEA1 /* pco-logo-inactive.png in Resources */,
				BED787F71559EF78003CDEA1 /* tabbar-active-bg.png in Resources */,
				BED787F81559EF78003CDEA1 /* pco-logo-active.png in Resources */,
				BED787FA1559EF78003CDEA1 /* background.png in Resources */,
				BED788001559EF78003CDEA1 /* imago-logo.png in Resources */,
				BED7880E1559EF9B003CDEA1 /* Icon-Small-50.png in Resources */,
				BED7880F1559EF9B003CDEA1 /* Icon-Small-50@2x.png in Resources */,
				BED788101559EF9B003CDEA1 /* Icon-Small.png in Resources */,
				BED788111559EF9B003CDEA1 /* Icon-Small@2x.png in Resources */,
				BED788131559EF9B003CDEA1 /* iTunesArtwork in Resources */,
				BED788151559EF9B003CDEA1 /* iTunesArtwork@2x in Resources */,
				BED788171559EFD3003CDEA1 /* Icon@2x.png in Resources */,
				BED788191559EFEB003CDEA1 /* Icon.png in Resources */,
				BED7881B1559F008003CDEA1 /* Icon-72@2x.png in Resources */,
				BED7881D1559F00C003CDEA1 /* Icon-72.png in Resources */,
				BED23D2B155A13BD00DB2D00 /* events-icon.png in Resources */,
				BED23D2C155A13BD00DB2D00 /* teachings-icon.png in Resources */,
				BED23D2D155A13BD00DB2D00 /* whoweare-icon.png in Resources */,
				BED23D2E155A13BD00DB2D00 /* connect-icon.png in Resources */,
				BEE22936155E175D00504B5D /* iPhone_Storyboard.storyboard in Resources */,
				BE9056AC15604D4300D79563 /* news-icon.png in Resources */,
				BE54BC141560A12200F85DD9 /* arrow.png in Resources */,
				BED1D7D81564498200FB8E5B /* tabbar-bg@2x.png in Resources */,
				BED1D7DA1564498D00FB8E5B /* tabbar-bg.png in Resources */,
				BE04B961156478B4003FD971 /* home-inactive@2x.png in Resources */,
				BE04B962156478B4003FD971 /* home-active@2x.png in Resources */,
				BE04B963156478B4003FD971 /* fb-logo-active@2x.png in Resources */,
				BE04B964156478B4003FD971 /* fb-logo-inactive@2x.png in Resources */,
				BE04B965156478B4003FD971 /* pco-logo-inactive@2x.png in Resources */,
				BE04B966156478B4003FD971 /* tabbar-active-bg@2x.png in Resources */,
				BE04B967156478B4003FD971 /* pco-logo-active@2x.png in Resources */,
				BE04B96E156479FD003FD971 /* connect-icon@2x.png in Resources */,
				BE04B96F156479FD003FD971 /* events-icon@2x.png in Resources */,
				BE04B970156479FD003FD971 /* news-icon@2x.png in Resources */,
				BE04B971156479FD003FD971 /* teachings-icon@2x.png in Resources */,
				BE04B972156479FD003FD971 /* whoweare-icon@2x.png in Resources */,
				BE04B97415647C12003FD971 /* imago-logo@2x.png in Resources */,
				BE04B97615647D0E003FD971 /* background@2x.png in Resources */,
				BEE7931D156FE55000F2EC23 /* GTMOAuthViewTouch.xib in Resources */,
				BEED317F15743529008F63AE /* FBDialog.bundle in Resources */,
				BE56D5AB157AA7CE0027A519 /* btn_decline.png in Resources */,
				BE56D5AC157AA7CE0027A519 /* btn_accept.png in Resources */,
				BE56D5C9157AE15D0027A519 /* future_plans.xml in Resources */,
				BE56D5D7157B12790027A519 /* greenButton.png in Resources */,
				BE56D5D8157B12790027A519 /* greenButtonActivated.png in Resources */,
				BE56D5D9157B12790027A519 /* redButton.png in Resources */,
				BE56D5DA157B12790027A519 /* redButtonActivated.png in Resources */,
				BE56D5DB157B12790027A519 /* yellowButton.png in Resources */,
				BE56D5DC157B12790027A519 /* yellowButtonActivated.png in Resources */,
				BE56D5DD157B12790027A519 /* yellowButtonActivated@2x.png in Resources */,
				BE56D5DE157B12790027A519 /* yellowButton@2x.png in Resources */,
				BE56D5DF157B12790027A519 /* redButtonActivated@2x.png in Resources */,
				BE56D5E0157B12790027A519 /* redButton@2x.png in Resources */,
				BE56D5E1157B12790027A519 /* greenButtonActivated@2x.png in Resources */,
				BE56D5E2157B12790027A519 /* greenButton@2x.png in Resources */,
				BE56D5E4157B270D0027A519 /* arrow-sideways.png in Resources */,
				BEDAF47B157C6D0400606339 /* future_plans2.xml in Resources */,
				BE4996F115845EBF005A5BDF /* FacebookButton@2x.png in Resources */,
				BE61166A1596DA9200768DD7 /* AirshipConfig.plist in Resources */,
				BE9F747415AD14C30013D3D9 /* README.md in Resources */,
			);
			runOnlyForDeploymentPostprocessing = 0;
		};
/* End PBXResourcesBuildPhase section */

/* Begin PBXShellScriptBuildPhase section */
		BE56D5B0157AB68C0027A519 /* ShellScript */ = {
			isa = PBXShellScriptBuildPhase;
			buildActionMask = 2147483647;
			files = (
			);
			inputPaths = (
			);
			outputPaths = (
			);
			runOnlyForDeploymentPostprocessing = 0;
			shellPath = /bin/sh;
			shellScript = "# Run the unit tests in this test bundle.\n\"${SYSTEM_DEVELOPER_DIR}/Tools/RunUnitTests\"\n";
		};
/* End PBXShellScriptBuildPhase section */

/* Begin PBXSourcesBuildPhase section */
		BE56D5AD157AB68C0027A519 /* Sources */ = {
			isa = PBXSourcesBuildPhase;
			buildActionMask = 2147483647;
			files = (
				BE56D5BF157AB68C0027A519 /* ImagoDeiLogicTests.m in Sources */,
			);
			runOnlyForDeploymentPostprocessing = 0;
		};
		BEDF1E52154791C4009FCA21 /* Sources */ = {
			isa = PBXSourcesBuildPhase;
			buildActionMask = 2147483647;
			files = (
				BEDF1E981547955C009FCA21 /* ImageViewController.m in Sources */,
				BEDF1E9C15479598009FCA21 /* ImagoDeiAppDelegate.m in Sources */,
				BEDF1E9F154795BD009FCA21 /* ImagoDeiDataFetcher.m in Sources */,
				BEDF1EAF154795FB009FCA21 /* main.m in Sources */,
				BEDF1EB0154795FB009FCA21 /* MainPageViewController.m in Sources */,
				BEDF1EC91547961C009FCA21 /* SocialMediaDetailViewController.m in Sources */,
				BEF4A439154DCA080015E00D /* ImagoDeiMediaController.m in Sources */,
				BEE2293A155E2C6A00504B5D /* PlanningCenterViewController.m in Sources */,
				BE54BC231560A4B500F85DD9 /* PullRefreshTableViewController.m in Sources */,
				BED87DE41562D6BD00141114 /* ImagoDeiStandardTableViewController.m in Sources */,
				BEB2928C15698EA2008086A3 /* FacebookSocialMediaViewController.m in Sources */,
				BE2F9B08156C9D54008C434A /* WebViewController.m in Sources */,
				BE2F9B18156CA0AF008C434A /* MyApplication.m in Sources */,
				BEE79317156FE54000F2EC23 /* GTMOAuthAuthentication.m in Sources */,
				BEE79318156FE54000F2EC23 /* GTMOAuthSignIn.m in Sources */,
				BEE7931C156FE55000F2EC23 /* GTMOAuthViewControllerTouch.m in Sources */,
				BEE79320156FE57E00F2EC23 /* GTMHTTPFetcher.m in Sources */,
				BED65F4D157180E600C55083 /* XMLReader.m in Sources */,
				BE074DF41583F276003E4881 /* ImagoDeiTextEntryViewController.m in Sources */,
			);
			runOnlyForDeploymentPostprocessing = 0;
		};
/* End PBXSourcesBuildPhase section */

/* Begin PBXVariantGroup section */
		BE56D5BA157AB68C0027A519 /* InfoPlist.strings */ = {
			isa = PBXVariantGroup;
			children = (
				BE56D5BB157AB68C0027A519 /* en */,
			);
			name = InfoPlist.strings;
			sourceTree = "<group>";
		};
		BEDF1E63154791C4009FCA21 /* InfoPlist.strings */ = {
			isa = PBXVariantGroup;
			children = (
				BEDF1E64154791C4009FCA21 /* en */,
			);
			name = InfoPlist.strings;
			sourceTree = "<group>";
		};
/* End PBXVariantGroup section */

/* Begin XCBuildConfiguration section */
		BE56D5C2157AB68C0027A519 /* Debug */ = {
			isa = XCBuildConfiguration;
			buildSettings = {
				"CODE_SIGN_IDENTITY[sdk=iphoneos*]" = "iPhone Developer";
				FRAMEWORK_SEARCH_PATHS = (
					"$(SDKROOT)/Developer/Library/Frameworks",
					"$(DEVELOPER_LIBRARY_DIR)/Frameworks",
				);
				GCC_PRECOMPILE_PREFIX_HEADER = YES;
				GCC_PREFIX_HEADER = "ImagoDeiLogicTests/ImagoDeiLogicTests-Prefix.pch";
				INFOPLIST_FILE = "ImagoDeiLogicTests/ImagoDeiLogicTests-Info.plist";
				PRODUCT_NAME = "$(TARGET_NAME)";
				"PROVISIONING_PROFILE[sdk=iphoneos*]" = "";
				WRAPPER_EXTENSION = octest;
			};
			name = Debug;
		};
		BE56D5C3157AB68C0027A519 /* Release */ = {
			isa = XCBuildConfiguration;
			buildSettings = {
				FRAMEWORK_SEARCH_PATHS = (
					"$(SDKROOT)/Developer/Library/Frameworks",
					"$(DEVELOPER_LIBRARY_DIR)/Frameworks",
				);
				GCC_PRECOMPILE_PREFIX_HEADER = YES;
				GCC_PREFIX_HEADER = "ImagoDeiLogicTests/ImagoDeiLogicTests-Prefix.pch";
				INFOPLIST_FILE = "ImagoDeiLogicTests/ImagoDeiLogicTests-Info.plist";
				PRODUCT_NAME = "$(TARGET_NAME)";
				WRAPPER_EXTENSION = octest;
			};
			name = Release;
		};
		BEDF1E6C154791C4009FCA21 /* Debug */ = {
			isa = XCBuildConfiguration;
			buildSettings = {
				ALWAYS_SEARCH_USER_PATHS = YES;
				ARCHS = "$(ARCHS_STANDARD_32_BIT)";
				CLANG_ENABLE_OBJC_ARC = YES;
				"CODE_SIGN_IDENTITY[sdk=iphoneos*]" = "iPhone Developer";
				COPY_PHASE_STRIP = NO;
				GCC_C_LANGUAGE_STANDARD = gnu99;
				GCC_DYNAMIC_NO_PIC = NO;
				GCC_OPTIMIZATION_LEVEL = 0;
				GCC_PREPROCESSOR_DEFINITIONS = (
					"DEBUG=1",
					"$(inherited)",
				);
				GCC_SYMBOLS_PRIVATE_EXTERN = NO;
				GCC_VERSION = com.apple.compilers.llvm.clang.1_0;
				GCC_WARN_ABOUT_RETURN_TYPE = YES;
				GCC_WARN_UNINITIALIZED_AUTOS = YES;
				GCC_WARN_UNUSED_VARIABLE = YES;
				HEADER_SEARCH_PATHS = "../Airship/**";
				IPHONEOS_DEPLOYMENT_TARGET = 5.1;
				"PROVISIONING_PROFILE[sdk=iphoneos*]" = "";
				SDKROOT = iphoneos;
				TARGETED_DEVICE_FAMILY = "1,2";
			};
			name = Debug;
		};
		BEDF1E6D154791C4009FCA21 /* Release */ = {
			isa = XCBuildConfiguration;
			buildSettings = {
				ALWAYS_SEARCH_USER_PATHS = YES;
				ARCHS = "$(ARCHS_STANDARD_32_BIT)";
				CLANG_ENABLE_OBJC_ARC = YES;
				"CODE_SIGN_IDENTITY[sdk=iphoneos*]" = "iPhone Distribution";
				COPY_PHASE_STRIP = YES;
				GCC_C_LANGUAGE_STANDARD = gnu99;
				GCC_VERSION = com.apple.compilers.llvm.clang.1_0;
				GCC_WARN_ABOUT_RETURN_TYPE = YES;
				GCC_WARN_UNINITIALIZED_AUTOS = YES;
				GCC_WARN_UNUSED_VARIABLE = YES;
				HEADER_SEARCH_PATHS = "../Airship/**";
				IPHONEOS_DEPLOYMENT_TARGET = 5.1;
				OTHER_CFLAGS = "-DNS_BLOCK_ASSERTIONS=1";
				"PROVISIONING_PROFILE[sdk=iphoneos*]" = "";
				SDKROOT = iphoneos;
				TARGETED_DEVICE_FAMILY = "1,2";
				VALIDATE_PRODUCT = YES;
			};
			name = Release;
		};
		BEDF1E6F154791C4009FCA21 /* Debug */ = {
			isa = XCBuildConfiguration;
			buildSettings = {
				"CODE_SIGN_IDENTITY[sdk=iphoneos*]" = "iPhone Developer";
				FRAMEWORK_SEARCH_PATHS = (
					"$(inherited)",
					"\"$(SYSTEM_APPS_DIR)/Xcode.app/Contents/Developer/Library/Frameworks\"",
				);
				GCC_PRECOMPILE_PREFIX_HEADER = YES;
				GCC_PREFIX_HEADER = "ImagoDei/ImagoDei-Prefix.pch";
				HEADER_SEARCH_PATHS = "../Airship/**";
				INFOPLIST_FILE = "ImagoDei/ImagoDei-Info.plist";
				LIBRARY_SEARCH_PATHS = (
					"$(inherited)",
					"\"$(SRCROOT)\"",
					"\"$(SRCROOT)/ImagoDei\"",
					"\"$(SRCROOT)/../Airship\"",
				);
				PRODUCT_NAME = "$(TARGET_NAME)";
				"PROVISIONING_PROFILE[sdk=iphoneos*]" = "";
				WRAPPER_EXTENSION = app;
			};
			name = Debug;
		};
		BEDF1E70154791C4009FCA21 /* Release */ = {
			isa = XCBuildConfiguration;
			buildSettings = {
				"CODE_SIGN_IDENTITY[sdk=iphoneos*]" = "iPhone Distribution";
				FRAMEWORK_SEARCH_PATHS = (
					"$(inherited)",
					"\"$(SYSTEM_APPS_DIR)/Xcode.app/Contents/Developer/Library/Frameworks\"",
				);
				GCC_PRECOMPILE_PREFIX_HEADER = YES;
				GCC_PREFIX_HEADER = "ImagoDei/ImagoDei-Prefix.pch";
				HEADER_SEARCH_PATHS = "../Airship/**";
				INFOPLIST_FILE = "ImagoDei/ImagoDei-Info.plist";
				LIBRARY_SEARCH_PATHS = (
					"$(inherited)",
					"\"$(SRCROOT)\"",
					"\"$(SRCROOT)/ImagoDei\"",
					"\"$(SRCROOT)/../Airship\"",
				);
				PRODUCT_NAME = "$(TARGET_NAME)";
				"PROVISIONING_PROFILE[sdk=iphoneos*]" = "";
				WRAPPER_EXTENSION = app;
			};
			name = Release;
		};
/* End XCBuildConfiguration section */

/* Begin XCConfigurationList section */
		BE56D5C1157AB68C0027A519 /* Build configuration list for PBXNativeTarget "ImagoDeiLogicTests" */ = {
			isa = XCConfigurationList;
			buildConfigurations = (
				BE56D5C2157AB68C0027A519 /* Debug */,
				BE56D5C3157AB68C0027A519 /* Release */,
			);
			defaultConfigurationIsVisible = 0;
			defaultConfigurationName = Release;
		};
		BEDF1E50154791C4009FCA21 /* Build configuration list for PBXProject "ImagoDei" */ = {
			isa = XCConfigurationList;
			buildConfigurations = (
				BEDF1E6C154791C4009FCA21 /* Debug */,
				BEDF1E6D154791C4009FCA21 /* Release */,
			);
			defaultConfigurationIsVisible = 0;
			defaultConfigurationName = Release;
		};
		BEDF1E6E154791C4009FCA21 /* Build configuration list for PBXNativeTarget "ImagoDei" */ = {
			isa = XCConfigurationList;
			buildConfigurations = (
				BEDF1E6F154791C4009FCA21 /* Debug */,
				BEDF1E70154791C4009FCA21 /* Release */,
			);
			defaultConfigurationIsVisible = 0;
			defaultConfigurationName = Release;
		};
/* End XCConfigurationList section */
	};
	rootObject = BEDF1E4D154791C4009FCA21 /* Project object */;
}
